<?xml version="1.0" encoding="utf-8"?>
<Project ToolsVersion="4.0" xmlns="http://schemas.microsoft.com/developer/msbuild/2003">
  <ItemGroup>
    <Filter Include="src">
      <UniqueIdentifier>{4FC737F1-C7A5-4376-A066-2A32D752A2FF}</UniqueIdentifier>
      <Extensions>cpp;c;cc;cxx;def;odl;idl;hpj;bat;asm;asmx</Extensions>
    </Filter>
    <Filter Include="src\idioms">
      <UniqueIdentifier>{2d7273f5-623b-4105-a8ca-ad609b2664de}</UniqueIdentifier>
    </Filter>
    <Filter Include="src\idioms\checked_delete">
      <UniqueIdentifier>{0259371a-d638-4855-86fb-9901d0278118}</UniqueIdentifier>
    </Filter>
  </ItemGroup>
  <ItemGroup>
    <Text Include="ReadMe.txt" />
  </ItemGroup>
  <ItemGroup>
    <ClInclude Include="stdafx.h">
      <Filter>src</Filter>
    </ClInclude>
    <ClInclude Include="targetver.h">
      <Filter>src</Filter>
    </ClInclude>
    <ClInclude Include="deleter.h">
      <Filter>src\idioms\checked_delete</Filter>
    </ClInclude>
    <ClInclude Include="object.h">
      <Filter>src\idioms\checked_delete</Filter>
    </ClInclude>
    <ClInclude Include="Idioms.h">
      <Filter>src</Filter>
    </ClInclude>
    <ClInclude Include="include_guard _macro.h">
      <Filter>src\idioms</Filter>
    </ClInclude>
    <ClInclude Include="inline_guard_macro.h">
      <Filter>src\idioms</Filter>
    </ClInclude>
  </ItemGroup>
  <ItemGroup>
    <ClCompile Include="stdafx.cpp">
      <Filter>src</Filter>
    </ClCompile>
    <ClCompile Include="algebraic_hierarchy.cpp">
      <Filter>src\idioms</Filter>
    </ClCompile>
    <ClCompile Include="attach_by_initialization.cpp">
      <Filter>src\idioms</Filter>
    </ClCompile>
    <ClCompile Include="attorney_client.cpp">
      <Filter>src\idioms</Filter>
    </ClCompile>
    <ClCompile Include="barton_nackman_trick.cpp">
      <Filter>src\idioms</Filter>
    </ClCompile>
    <ClCompile Include="base_from_member.cpp">
      <Filter>src\idioms</Filter>
    </ClCompile>
    <ClCompile Include="boost_mutant.cpp">
      <Filter>src\idioms</Filter>
    </ClCompile>
    <ClCompile Include="calling_virtual_during_initialization.cpp">
      <Filter>src\idioms</Filter>
    </ClCompile>
    <ClCompile Include="capability_query.cpp">
      <Filter>src\idioms</Filter>
    </ClCompile>
    <ClCompile Include="checked_delete.cpp">
      <Filter>src\idioms\checked_delete</Filter>
    </ClCompile>
    <ClCompile Include="deleter.cpp">
      <Filter>src\idioms\checked_delete</Filter>
    </ClCompile>
    <ClCompile Include="clear_and_minimize.cpp">
      <Filter>src\idioms</Filter>
    </ClCompile>
    <ClCompile Include="coercion_by_member_template.cpp">
      <Filter>src\idioms</Filter>
    </ClCompile>
    <ClCompile Include="address_of.cpp">
      <Filter>src\idioms</Filter>
    </ClCompile>
    <ClCompile Include="computational_constructor.cpp">
      <Filter>src\idioms</Filter>
    </ClCompile>
    <ClCompile Include="concrete_data_type.cpp">
      <Filter>src\idioms</Filter>
    </ClCompile>
    <ClCompile Include="construct_on_first_use.cpp">
      <Filter>src\idioms</Filter>
    </ClCompile>
    <ClCompile Include="construction_tracker.cpp">
      <Filter>src\idioms</Filter>
    </ClCompile>
    <ClCompile Include="copy_and_swap.cpp">
      <Filter>src\idioms</Filter>
    </ClCompile>
    <ClCompile Include="non_throwing_swap.cpp">
      <Filter>src\idioms</Filter>
    </ClCompile>
    <ClCompile Include="copy_on_write.cpp">
      <Filter>src\idioms</Filter>
    </ClCompile>
    <ClCompile Include="counted_body__reference_counting.cpp">
      <Filter>src\idioms</Filter>
    </ClCompile>
    <ClCompile Include="covariant_return_types.cpp">
      <Filter>src\idioms</Filter>
    </ClCompile>
    <ClCompile Include="curiously_recurring_template_pattern.cpp">
      <Filter>src\idioms</Filter>
    </ClCompile>
    <ClCompile Include="empty_base_optimization.cpp">
      <Filter>src\idioms</Filter>
    </ClCompile>
    <ClCompile Include="SFINAE.cpp">
      <Filter>src\idioms</Filter>
    </ClCompile>
    <ClCompile Include="enable_if.cpp">
      <Filter>src\idioms</Filter>
    </ClCompile>
    <ClCompile Include="erase_remove.cpp">
      <Filter>src\idioms</Filter>
    </ClCompile>
    <ClCompile Include="execute_around_pointer.cpp">
      <Filter>src\idioms</Filter>
    </ClCompile>
    <ClCompile Include="exploding_return_type.cpp">
      <Filter>src\idioms</Filter>
    </ClCompile>
    <ClCompile Include="export_guard_macro.cpp">
      <Filter>src\idioms</Filter>
    </ClCompile>
    <ClCompile Include="expression_template.cpp">
      <Filter>src\idioms</Filter>
    </ClCompile>
    <ClCompile Include="fake_vtable.cpp">
      <Filter>src\idioms</Filter>
    </ClCompile>
    <ClCompile Include="fast_pimpl.cpp">
      <Filter>src\idioms</Filter>
    </ClCompile>
    <ClCompile Include="final_class.cpp">
      <Filter>src\idioms</Filter>
    </ClCompile>
    <ClCompile Include="main.cpp">
      <Filter>src</Filter>
    </ClCompile>
    <ClCompile Include="free_function_allocators.cpp">
      <Filter>src\idioms</Filter>
    </ClCompile>
    <ClCompile Include="function_object.cpp">
      <Filter>src\idioms</Filter>
    </ClCompile>
    <ClCompile Include="generic_container_idioms.cpp">
      <Filter>src\idioms</Filter>
    </ClCompile>
    <ClCompile Include="hierarchy_generation.cpp">
      <Filter>src\idioms</Filter>
    </ClCompile>
    <ClCompile Include="implicit_conversions.cpp">
      <Filter>src\idioms</Filter>
    </ClCompile>
    <ClCompile Include="inline_guard_macro.cpp">
      <Filter>src\idioms</Filter>
    </ClCompile>
    <ClCompile Include="inner_class.cpp">
      <Filter>src\idioms</Filter>
    </ClCompile>
    <ClCompile Include="int_to_type.cpp">
      <Filter>src\idioms</Filter>
    </ClCompile>
    <ClCompile Include="iterator_pair.cpp">
      <Filter>src\idioms</Filter>
    </ClCompile>
    <ClCompile Include="making_new_friends.cpp">
      <Filter>src\idioms</Filter>
    </ClCompile>
    <ClCompile Include="metafunction.cpp">
      <Filter>src\idioms</Filter>
    </ClCompile>
    <ClCompile Include="interface_class.cpp">
      <Filter>src\idioms</Filter>
    </ClCompile>
    <ClCompile Include="move_constructor.cpp">
      <Filter>src\idioms</Filter>
    </ClCompile>
    <ClCompile Include="multi_statement_macro.cpp">
      <Filter>src\idioms</Filter>
    </ClCompile>
    <ClCompile Include="member_detector.cpp">
      <Filter>src\idioms</Filter>
    </ClCompile>
    <ClCompile Include="named_constructor.cpp">
      <Filter>src\idioms</Filter>
    </ClCompile>
    <ClCompile Include="named_external_argument.cpp">
      <Filter>src\idioms</Filter>
    </ClCompile>
    <ClCompile Include="named_loop.cpp">
      <Filter>src\idioms</Filter>
    </ClCompile>
    <ClCompile Include="non_virtual_Interface.cpp">
      <Filter>src\idioms</Filter>
    </ClCompile>
    <ClCompile Include="nullptr.cpp">
      <Filter>src\idioms</Filter>
    </ClCompile>
  </ItemGroup>
  <ItemGroup>
    <None Include="inline_guard_macro.ipp">
      <Filter>src\idioms</Filter>
    </None>
  </ItemGroup>
</Project>